
Microsoft Visual Studio Solution File, Format Version 12.00
# Visual Studio Version 17
VisualStudioVersion = 17.11.35222.181
MinimumVisualStudioVersion = 10.0.40219.1
Project("{FAE04EC0-301F-11D3-BF4B-00C04F79EFBC}") = "lab06", "lab06\lab06.csproj", "{EAE19E09-FD28-413E-A051-55BBF64A2CD6}"
EndProject
Global
	GlobalSection(SolutionConfigurationPlatforms) = preSolution
		Debug|Any CPU = Debug|Any CPU
		Release|Any CPU = Release|Any CPU
	EndGlobalSection
	GlobalSection(ProjectConfigurationPlatforms) = postSolution
		{EAE19E09-FD28-413E-A051-55BBF64A2CD6}.Debug|Any CPU.ActiveCfg = Debug|Any CPU
		{EAE19E09-FD28-413E-A051-55BBF64A2CD6}.Debug|Any CPU.Build.0 = Debug|Any CPU
		{EAE19E09-FD28-413E-A051-55BBF64A2CD6}.Release|Any CPU.ActiveCfg = Release|Any CPU
		{EAE19E09-FD28-413E-A051-55BBF64A2CD6}.Release|Any CPU.Build.0 = Release|Any CPU
	EndGlobalSection
	GlobalSection(SolutionProperties) = preSolution
		HideSolutionNode = FALSE
	EndGlobalSection
	GlobalSection(ExtensibilityGlobals) = postSolution
		SolutionGuid = {4C492F5C-030A-4AFE-881B-2D3A923BCA79}
	EndGlobalSection
EndGlobal
